
Microsoft Visual Studio Solution File, Format Version 12.00
# Visual Studio 15
VisualStudioVersion = 15.0.26730.10
MinimumVisualStudioVersion = 10.0.40219.1
Project("{8BC9CEB8-8B4A-11D0-8D11-00A0C91BC942}") = "test0828", "test0828\test0828.vcxproj", "{67BA3D74-1721-4D4E-91E0-6A43D030AFDA}"
EndProject
Project("{8BC9CEB8-8B4A-11D0-8D11-00A0C91BC942}") = "test0828_1", "test0828_1\test0828_1.vcxproj", "{65AA9E55-1C3C-478E-8DCF-479BF6EA9D75}"
EndProject
Project("{8BC9CEB8-8B4A-11D0-8D11-00A0C91BC942}") = "test0828_2", "test0828_2\test0828_2.vcxproj", "{C3273A73-E7DC-4138-805C-8AEBC61A42F2}"
EndProject
Project("{8BC9CEB8-8B4A-11D0-8D11-00A0C91BC942}") = "test0828_3", "test0828_3\test0828_3.vcxproj", "{170A3975-0162-4956-837A-655430453F46}"
EndProject
Global
	GlobalSection(SolutionConfigurationPlatforms) = preSolution
		Debug|x64 = Debug|x64
		Debug|x86 = Debug|x86
		Release|x64 = Release|x64
		Release|x86 = Release|x86
	EndGlobalSection
	GlobalSection(ProjectConfigurationPlatforms) = postSolution
		{67BA3D74-1721-4D4E-91E0-6A43D030AFDA}.Debug|x64.ActiveCfg = Debug|x64
		{67BA3D74-1721-4D4E-91E0-6A43D030AFDA}.Debug|x64.Build.0 = Debug|x64
		{67BA3D74-1721-4D4E-91E0-6A43D030AFDA}.Debug|x86.ActiveCfg = Debug|Win32
		{67BA3D74-1721-4D4E-91E0-6A43D030AFDA}.Debug|x86.Build.0 = Debug|Win32
		{67BA3D74-1721-4D4E-91E0-6A43D030AFDA}.Release|x64.ActiveCfg = Release|x64
		{67BA3D74-1721-4D4E-91E0-6A43D030AFDA}.Release|x64.Build.0 = Release|x64
		{67BA3D74-1721-4D4E-91E0-6A43D030AFDA}.Release|x86.ActiveCfg = Release|Win32
		{67BA3D74-1721-4D4E-91E0-6A43D030AFDA}.Release|x86.Build.0 = Release|Win32
		{65AA9E55-1C3C-478E-8DCF-479BF6EA9D75}.Debug|x64.ActiveCfg = Debug|x64
		{65AA9E55-1C3C-478E-8DCF-479BF6EA9D75}.Debug|x64.Build.0 = Debug|x64
		{65AA9E55-1C3C-478E-8DCF-479BF6EA9D75}.Debug|x86.ActiveCfg = Debug|Win32
		{65AA9E55-1C3C-478E-8DCF-479BF6EA9D75}.Debug|x86.Build.0 = Debug|Win32
		{65AA9E55-1C3C-478E-8DCF-479BF6EA9D75}.Release|x64.ActiveCfg = Release|x64
		{65AA9E55-1C3C-478E-8DCF-479BF6EA9D75}.Release|x64.Build.0 = Release|x64
		{65AA9E55-1C3C-478E-8DCF-479BF6EA9D75}.Release|x86.ActiveCfg = Release|Win32
		{65AA9E55-1C3C-478E-8DCF-479BF6EA9D75}.Release|x86.Build.0 = Release|Win32
		{C3273A73-E7DC-4138-805C-8AEBC61A42F2}.Debug|x64.ActiveCfg = Debug|x64
		{C3273A73-E7DC-4138-805C-8AEBC61A42F2}.Debug|x64.Build.0 = Debug|x64
		{C3273A73-E7DC-4138-805C-8AEBC61A42F2}.Debug|x86.ActiveCfg = Debug|Win32
		{C3273A73-E7DC-4138-805C-8AEBC61A42F2}.Debug|x86.Build.0 = Debug|Win32
		{C3273A73-E7DC-4138-805C-8AEBC61A42F2}.Release|x64.ActiveCfg = Release|x64
		{C3273A73-E7DC-4138-805C-8AEBC61A42F2}.Release|x64.Build.0 = Release|x64
		{C3273A73-E7DC-4138-805C-8AEBC61A42F2}.Release|x86.ActiveCfg = Release|Win32
		{C3273A73-E7DC-4138-805C-8AEBC61A42F2}.Release|x86.Build.0 = Release|Win32
		{170A3975-0162-4956-837A-655430453F46}.Debug|x64.ActiveCfg = Debug|x64
		{170A3975-0162-4956-837A-655430453F46}.Debug|x64.Build.0 = Debug|x64
		{170A3975-0162-4956-837A-655430453F46}.Debug|x86.ActiveCfg = Debug|Win32
		{170A3975-0162-4956-837A-655430453F46}.Debug|x86.Build.0 = Debug|Win32
		{170A3975-0162-4956-837A-655430453F46}.Release|x64.ActiveCfg = Release|x64
		{170A3975-0162-4956-837A-655430453F46}.Release|x64.Build.0 = Release|x64
		{170A3975-0162-4956-837A-655430453F46}.Release|x86.ActiveCfg = Release|Win32
		{170A3975-0162-4956-837A-655430453F46}.Release|x86.Build.0 = Release|Win32
	EndGlobalSection
	GlobalSection(SolutionProperties) = preSolution
		HideSolutionNode = FALSE
	EndGlobalSection
	GlobalSection(ExtensibilityGlobals) = postSolution
		SolutionGuid = {1BF3794A-6B72-450F-9AD2-A08808A8A793}
	EndGlobalSection
EndGlobal
