
Microsoft Visual Studio Solution File, Format Version 12.00
# Visual Studio 15
VisualStudioVersion = 15.0.26730.10
MinimumVisualStudioVersion = 10.0.40219.1
Project("{8BC9CEB8-8B4A-11D0-8D11-00A0C91BC942}") = "test1106", "test1106\test1106.vcxproj", "{299331DE-0292-4D00-98EE-CE91428CB239}"
EndProject
Project("{8BC9CEB8-8B4A-11D0-8D11-00A0C91BC942}") = "test1106_1", "test1106_1\test1106_1.vcxproj", "{1EB6926F-FD0F-45FB-A485-DA0757C63E01}"
EndProject
Project("{8BC9CEB8-8B4A-11D0-8D11-00A0C91BC942}") = "test1106_2", "test1106_2\test1106_2.vcxproj", "{94F645F8-CA98-46D7-9ED7-94A3D2C20687}"
EndProject
Project("{8BC9CEB8-8B4A-11D0-8D11-00A0C91BC942}") = "test1106_3", "test1106_3\test1106_3.vcxproj", "{FB70BC0F-A216-4C32-8B88-F75BA03464AC}"
EndProject
Project("{8BC9CEB8-8B4A-11D0-8D11-00A0C91BC942}") = "test1106_4", "test1106_4\test1106_4.vcxproj", "{51B802D7-7C7E-4647-A9CD-00BDC1C2D027}"
EndProject
Project("{8BC9CEB8-8B4A-11D0-8D11-00A0C91BC942}") = "test1106_5", "test1106_5\test1106_5.vcxproj", "{E3ADCB83-A449-401E-B4DB-BA1C65DE9AF1}"
EndProject
Project("{8BC9CEB8-8B4A-11D0-8D11-00A0C91BC942}") = "test1106_6", "test1106_6\test1106_6.vcxproj", "{39131FA6-2FC8-4A49-BDC9-280BC7D2D88D}"
EndProject
Project("{8BC9CEB8-8B4A-11D0-8D11-00A0C91BC942}") = "test1106_7", "test1106_7\test1106_7.vcxproj", "{12D7A624-83AE-478D-8589-51373033A5FC}"
EndProject
Project("{8BC9CEB8-8B4A-11D0-8D11-00A0C91BC942}") = "test1106_8", "test1106_8\test1106_8.vcxproj", "{B961D32B-8D09-4F24-8F3D-30BC384251EB}"
EndProject
Global
	GlobalSection(SolutionConfigurationPlatforms) = preSolution
		Debug|x64 = Debug|x64
		Debug|x86 = Debug|x86
		Release|x64 = Release|x64
		Release|x86 = Release|x86
	EndGlobalSection
	GlobalSection(ProjectConfigurationPlatforms) = postSolution
		{299331DE-0292-4D00-98EE-CE91428CB239}.Debug|x64.ActiveCfg = Debug|x64
		{299331DE-0292-4D00-98EE-CE91428CB239}.Debug|x64.Build.0 = Debug|x64
		{299331DE-0292-4D00-98EE-CE91428CB239}.Debug|x86.ActiveCfg = Debug|Win32
		{299331DE-0292-4D00-98EE-CE91428CB239}.Debug|x86.Build.0 = Debug|Win32
		{299331DE-0292-4D00-98EE-CE91428CB239}.Release|x64.ActiveCfg = Release|x64
		{299331DE-0292-4D00-98EE-CE91428CB239}.Release|x64.Build.0 = Release|x64
		{299331DE-0292-4D00-98EE-CE91428CB239}.Release|x86.ActiveCfg = Release|Win32
		{299331DE-0292-4D00-98EE-CE91428CB239}.Release|x86.Build.0 = Release|Win32
		{1EB6926F-FD0F-45FB-A485-DA0757C63E01}.Debug|x64.ActiveCfg = Debug|x64
		{1EB6926F-FD0F-45FB-A485-DA0757C63E01}.Debug|x64.Build.0 = Debug|x64
		{1EB6926F-FD0F-45FB-A485-DA0757C63E01}.Debug|x86.ActiveCfg = Debug|Win32
		{1EB6926F-FD0F-45FB-A485-DA0757C63E01}.Debug|x86.Build.0 = Debug|Win32
		{1EB6926F-FD0F-45FB-A485-DA0757C63E01}.Release|x64.ActiveCfg = Release|x64
		{1EB6926F-FD0F-45FB-A485-DA0757C63E01}.Release|x64.Build.0 = Release|x64
		{1EB6926F-FD0F-45FB-A485-DA0757C63E01}.Release|x86.ActiveCfg = Release|Win32
		{1EB6926F-FD0F-45FB-A485-DA0757C63E01}.Release|x86.Build.0 = Release|Win32
		{94F645F8-CA98-46D7-9ED7-94A3D2C20687}.Debug|x64.ActiveCfg = Debug|x64
		{94F645F8-CA98-46D7-9ED7-94A3D2C20687}.Debug|x64.Build.0 = Debug|x64
		{94F645F8-CA98-46D7-9ED7-94A3D2C20687}.Debug|x86.ActiveCfg = Debug|Win32
		{94F645F8-CA98-46D7-9ED7-94A3D2C20687}.Debug|x86.Build.0 = Debug|Win32
		{94F645F8-CA98-46D7-9ED7-94A3D2C20687}.Release|x64.ActiveCfg = Release|x64
		{94F645F8-CA98-46D7-9ED7-94A3D2C20687}.Release|x64.Build.0 = Release|x64
		{94F645F8-CA98-46D7-9ED7-94A3D2C20687}.Release|x86.ActiveCfg = Release|Win32
		{94F645F8-CA98-46D7-9ED7-94A3D2C20687}.Release|x86.Build.0 = Release|Win32
		{FB70BC0F-A216-4C32-8B88-F75BA03464AC}.Debug|x64.ActiveCfg = Debug|x64
		{FB70BC0F-A216-4C32-8B88-F75BA03464AC}.Debug|x64.Build.0 = Debug|x64
		{FB70BC0F-A216-4C32-8B88-F75BA03464AC}.Debug|x86.ActiveCfg = Debug|Win32
		{FB70BC0F-A216-4C32-8B88-F75BA03464AC}.Debug|x86.Build.0 = Debug|Win32
		{FB70BC0F-A216-4C32-8B88-F75BA03464AC}.Release|x64.ActiveCfg = Release|x64
		{FB70BC0F-A216-4C32-8B88-F75BA03464AC}.Release|x64.Build.0 = Release|x64
		{FB70BC0F-A216-4C32-8B88-F75BA03464AC}.Release|x86.ActiveCfg = Release|Win32
		{FB70BC0F-A216-4C32-8B88-F75BA03464AC}.Release|x86.Build.0 = Release|Win32
		{51B802D7-7C7E-4647-A9CD-00BDC1C2D027}.Debug|x64.ActiveCfg = Debug|x64
		{51B802D7-7C7E-4647-A9CD-00BDC1C2D027}.Debug|x64.Build.0 = Debug|x64
		{51B802D7-7C7E-4647-A9CD-00BDC1C2D027}.Debug|x86.ActiveCfg = Debug|Win32
		{51B802D7-7C7E-4647-A9CD-00BDC1C2D027}.Debug|x86.Build.0 = Debug|Win32
		{51B802D7-7C7E-4647-A9CD-00BDC1C2D027}.Release|x64.ActiveCfg = Release|x64
		{51B802D7-7C7E-4647-A9CD-00BDC1C2D027}.Release|x64.Build.0 = Release|x64
		{51B802D7-7C7E-4647-A9CD-00BDC1C2D027}.Release|x86.ActiveCfg = Release|Win32
		{51B802D7-7C7E-4647-A9CD-00BDC1C2D027}.Release|x86.Build.0 = Release|Win32
		{E3ADCB83-A449-401E-B4DB-BA1C65DE9AF1}.Debug|x64.ActiveCfg = Debug|x64
		{E3ADCB83-A449-401E-B4DB-BA1C65DE9AF1}.Debug|x64.Build.0 = Debug|x64
		{E3ADCB83-A449-401E-B4DB-BA1C65DE9AF1}.Debug|x86.ActiveCfg = Debug|Win32
		{E3ADCB83-A449-401E-B4DB-BA1C65DE9AF1}.Debug|x86.Build.0 = Debug|Win32
		{E3ADCB83-A449-401E-B4DB-BA1C65DE9AF1}.Release|x64.ActiveCfg = Release|x64
		{E3ADCB83-A449-401E-B4DB-BA1C65DE9AF1}.Release|x64.Build.0 = Release|x64
		{E3ADCB83-A449-401E-B4DB-BA1C65DE9AF1}.Release|x86.ActiveCfg = Release|Win32
		{E3ADCB83-A449-401E-B4DB-BA1C65DE9AF1}.Release|x86.Build.0 = Release|Win32
		{39131FA6-2FC8-4A49-BDC9-280BC7D2D88D}.Debug|x64.ActiveCfg = Debug|x64
		{39131FA6-2FC8-4A49-BDC9-280BC7D2D88D}.Debug|x64.Build.0 = Debug|x64
		{39131FA6-2FC8-4A49-BDC9-280BC7D2D88D}.Debug|x86.ActiveCfg = Debug|Win32
		{39131FA6-2FC8-4A49-BDC9-280BC7D2D88D}.Debug|x86.Build.0 = Debug|Win32
		{39131FA6-2FC8-4A49-BDC9-280BC7D2D88D}.Release|x64.ActiveCfg = Release|x64
		{39131FA6-2FC8-4A49-BDC9-280BC7D2D88D}.Release|x64.Build.0 = Release|x64
		{39131FA6-2FC8-4A49-BDC9-280BC7D2D88D}.Release|x86.ActiveCfg = Release|Win32
		{39131FA6-2FC8-4A49-BDC9-280BC7D2D88D}.Release|x86.Build.0 = Release|Win32
		{12D7A624-83AE-478D-8589-51373033A5FC}.Debug|x64.ActiveCfg = Debug|x64
		{12D7A624-83AE-478D-8589-51373033A5FC}.Debug|x64.Build.0 = Debug|x64
		{12D7A624-83AE-478D-8589-51373033A5FC}.Debug|x86.ActiveCfg = Debug|Win32
		{12D7A624-83AE-478D-8589-51373033A5FC}.Debug|x86.Build.0 = Debug|Win32
		{12D7A624-83AE-478D-8589-51373033A5FC}.Release|x64.ActiveCfg = Release|x64
		{12D7A624-83AE-478D-8589-51373033A5FC}.Release|x64.Build.0 = Release|x64
		{12D7A624-83AE-478D-8589-51373033A5FC}.Release|x86.ActiveCfg = Release|Win32
		{12D7A624-83AE-478D-8589-51373033A5FC}.Release|x86.Build.0 = Release|Win32
		{B961D32B-8D09-4F24-8F3D-30BC384251EB}.Debug|x64.ActiveCfg = Debug|x64
		{B961D32B-8D09-4F24-8F3D-30BC384251EB}.Debug|x64.Build.0 = Debug|x64
		{B961D32B-8D09-4F24-8F3D-30BC384251EB}.Debug|x86.ActiveCfg = Debug|Win32
		{B961D32B-8D09-4F24-8F3D-30BC384251EB}.Debug|x86.Build.0 = Debug|Win32
		{B961D32B-8D09-4F24-8F3D-30BC384251EB}.Release|x64.ActiveCfg = Release|x64
		{B961D32B-8D09-4F24-8F3D-30BC384251EB}.Release|x64.Build.0 = Release|x64
		{B961D32B-8D09-4F24-8F3D-30BC384251EB}.Release|x86.ActiveCfg = Release|Win32
		{B961D32B-8D09-4F24-8F3D-30BC384251EB}.Release|x86.Build.0 = Release|Win32
	EndGlobalSection
	GlobalSection(SolutionProperties) = preSolution
		HideSolutionNode = FALSE
	EndGlobalSection
	GlobalSection(ExtensibilityGlobals) = postSolution
		SolutionGuid = {38DBF9CA-6007-4778-8AE3-EF2185CA7205}
	EndGlobalSection
EndGlobal
