
Microsoft Visual Studio Solution File, Format Version 12.00
# Visual Studio 15
VisualStudioVersion = 15.0.26730.10
MinimumVisualStudioVersion = 10.0.40219.1
Project("{8BC9CEB8-8B4A-11D0-8D11-00A0C91BC942}") = "test1113", "test1113\test1113.vcxproj", "{2C7CB2EA-4D59-458A-ACC9-FCAAF2A3FEBB}"
EndProject
Project("{8BC9CEB8-8B4A-11D0-8D11-00A0C91BC942}") = "test1113_1", "test1113_1\test1113_1.vcxproj", "{AD48EB5F-2E6B-41CF-B86D-72554054D6E0}"
EndProject
Project("{8BC9CEB8-8B4A-11D0-8D11-00A0C91BC942}") = "test1113_2", "test1113_2\test1113_2.vcxproj", "{91B56190-FF2A-45E4-B4C4-228A00B39101}"
EndProject
Project("{8BC9CEB8-8B4A-11D0-8D11-00A0C91BC942}") = "test1113_3", "test1113_3\test1113_3.vcxproj", "{72992597-9527-4E98-B5B1-61E64C68A6F5}"
EndProject
Project("{8BC9CEB8-8B4A-11D0-8D11-00A0C91BC942}") = "test1113_4", "test1113_4\test1113_4.vcxproj", "{F0647B0B-2089-44BA-831E-BEE50656ABAB}"
EndProject
Project("{8BC9CEB8-8B4A-11D0-8D11-00A0C91BC942}") = "test1113_5", "test1113_5\test1113_5.vcxproj", "{3A688093-27A5-47B4-AB36-BD409C55EFF3}"
EndProject
Project("{8BC9CEB8-8B4A-11D0-8D11-00A0C91BC942}") = "test1113_6", "test1113_6\test1113_6.vcxproj", "{FA59E27A-8D27-4092-BB31-99AF044A3214}"
EndProject
Project("{8BC9CEB8-8B4A-11D0-8D11-00A0C91BC942}") = "test1113_7", "test1113_7\test1113_7.vcxproj", "{93D38A71-E2F9-4ADD-ACCD-62F290D3AF78}"
EndProject
Project("{8BC9CEB8-8B4A-11D0-8D11-00A0C91BC942}") = "test1113_8", "test1113_8\test1113_8.vcxproj", "{B4F90770-EBD3-4AF0-BF1E-84CA88EFED3A}"
EndProject
Project("{8BC9CEB8-8B4A-11D0-8D11-00A0C91BC942}") = "test1113_9", "test1113_9\test1113_9.vcxproj", "{6146462E-8971-4F08-AC56-773B628CE3ED}"
EndProject
Project("{8BC9CEB8-8B4A-11D0-8D11-00A0C91BC942}") = "test1113_A", "test1113_A\test1113_A.vcxproj", "{DF9CCF60-8668-4B5A-B75F-EFC6E29AB72B}"
EndProject
Project("{8BC9CEB8-8B4A-11D0-8D11-00A0C91BC942}") = "test1113_B", "test1113_B\test1113_B.vcxproj", "{FB1222C2-A9B4-4CA3-802C-763F9A101192}"
EndProject
Global
	GlobalSection(SolutionConfigurationPlatforms) = preSolution
		Debug|x64 = Debug|x64
		Debug|x86 = Debug|x86
		Release|x64 = Release|x64
		Release|x86 = Release|x86
	EndGlobalSection
	GlobalSection(ProjectConfigurationPlatforms) = postSolution
		{2C7CB2EA-4D59-458A-ACC9-FCAAF2A3FEBB}.Debug|x64.ActiveCfg = Debug|x64
		{2C7CB2EA-4D59-458A-ACC9-FCAAF2A3FEBB}.Debug|x64.Build.0 = Debug|x64
		{2C7CB2EA-4D59-458A-ACC9-FCAAF2A3FEBB}.Debug|x86.ActiveCfg = Debug|Win32
		{2C7CB2EA-4D59-458A-ACC9-FCAAF2A3FEBB}.Debug|x86.Build.0 = Debug|Win32
		{2C7CB2EA-4D59-458A-ACC9-FCAAF2A3FEBB}.Release|x64.ActiveCfg = Release|x64
		{2C7CB2EA-4D59-458A-ACC9-FCAAF2A3FEBB}.Release|x64.Build.0 = Release|x64
		{2C7CB2EA-4D59-458A-ACC9-FCAAF2A3FEBB}.Release|x86.ActiveCfg = Release|Win32
		{2C7CB2EA-4D59-458A-ACC9-FCAAF2A3FEBB}.Release|x86.Build.0 = Release|Win32
		{AD48EB5F-2E6B-41CF-B86D-72554054D6E0}.Debug|x64.ActiveCfg = Debug|x64
		{AD48EB5F-2E6B-41CF-B86D-72554054D6E0}.Debug|x64.Build.0 = Debug|x64
		{AD48EB5F-2E6B-41CF-B86D-72554054D6E0}.Debug|x86.ActiveCfg = Debug|Win32
		{AD48EB5F-2E6B-41CF-B86D-72554054D6E0}.Debug|x86.Build.0 = Debug|Win32
		{AD48EB5F-2E6B-41CF-B86D-72554054D6E0}.Release|x64.ActiveCfg = Release|x64
		{AD48EB5F-2E6B-41CF-B86D-72554054D6E0}.Release|x64.Build.0 = Release|x64
		{AD48EB5F-2E6B-41CF-B86D-72554054D6E0}.Release|x86.ActiveCfg = Release|Win32
		{AD48EB5F-2E6B-41CF-B86D-72554054D6E0}.Release|x86.Build.0 = Release|Win32
		{91B56190-FF2A-45E4-B4C4-228A00B39101}.Debug|x64.ActiveCfg = Debug|x64
		{91B56190-FF2A-45E4-B4C4-228A00B39101}.Debug|x64.Build.0 = Debug|x64
		{91B56190-FF2A-45E4-B4C4-228A00B39101}.Debug|x86.ActiveCfg = Debug|Win32
		{91B56190-FF2A-45E4-B4C4-228A00B39101}.Debug|x86.Build.0 = Debug|Win32
		{91B56190-FF2A-45E4-B4C4-228A00B39101}.Release|x64.ActiveCfg = Release|x64
		{91B56190-FF2A-45E4-B4C4-228A00B39101}.Release|x64.Build.0 = Release|x64
		{91B56190-FF2A-45E4-B4C4-228A00B39101}.Release|x86.ActiveCfg = Release|Win32
		{91B56190-FF2A-45E4-B4C4-228A00B39101}.Release|x86.Build.0 = Release|Win32
		{72992597-9527-4E98-B5B1-61E64C68A6F5}.Debug|x64.ActiveCfg = Debug|x64
		{72992597-9527-4E98-B5B1-61E64C68A6F5}.Debug|x64.Build.0 = Debug|x64
		{72992597-9527-4E98-B5B1-61E64C68A6F5}.Debug|x86.ActiveCfg = Debug|Win32
		{72992597-9527-4E98-B5B1-61E64C68A6F5}.Debug|x86.Build.0 = Debug|Win32
		{72992597-9527-4E98-B5B1-61E64C68A6F5}.Release|x64.ActiveCfg = Release|x64
		{72992597-9527-4E98-B5B1-61E64C68A6F5}.Release|x64.Build.0 = Release|x64
		{72992597-9527-4E98-B5B1-61E64C68A6F5}.Release|x86.ActiveCfg = Release|Win32
		{72992597-9527-4E98-B5B1-61E64C68A6F5}.Release|x86.Build.0 = Release|Win32
		{F0647B0B-2089-44BA-831E-BEE50656ABAB}.Debug|x64.ActiveCfg = Debug|x64
		{F0647B0B-2089-44BA-831E-BEE50656ABAB}.Debug|x64.Build.0 = Debug|x64
		{F0647B0B-2089-44BA-831E-BEE50656ABAB}.Debug|x86.ActiveCfg = Debug|Win32
		{F0647B0B-2089-44BA-831E-BEE50656ABAB}.Debug|x86.Build.0 = Debug|Win32
		{F0647B0B-2089-44BA-831E-BEE50656ABAB}.Release|x64.ActiveCfg = Release|x64
		{F0647B0B-2089-44BA-831E-BEE50656ABAB}.Release|x64.Build.0 = Release|x64
		{F0647B0B-2089-44BA-831E-BEE50656ABAB}.Release|x86.ActiveCfg = Release|Win32
		{F0647B0B-2089-44BA-831E-BEE50656ABAB}.Release|x86.Build.0 = Release|Win32
		{3A688093-27A5-47B4-AB36-BD409C55EFF3}.Debug|x64.ActiveCfg = Debug|x64
		{3A688093-27A5-47B4-AB36-BD409C55EFF3}.Debug|x64.Build.0 = Debug|x64
		{3A688093-27A5-47B4-AB36-BD409C55EFF3}.Debug|x86.ActiveCfg = Debug|Win32
		{3A688093-27A5-47B4-AB36-BD409C55EFF3}.Debug|x86.Build.0 = Debug|Win32
		{3A688093-27A5-47B4-AB36-BD409C55EFF3}.Release|x64.ActiveCfg = Release|x64
		{3A688093-27A5-47B4-AB36-BD409C55EFF3}.Release|x64.Build.0 = Release|x64
		{3A688093-27A5-47B4-AB36-BD409C55EFF3}.Release|x86.ActiveCfg = Release|Win32
		{3A688093-27A5-47B4-AB36-BD409C55EFF3}.Release|x86.Build.0 = Release|Win32
		{FA59E27A-8D27-4092-BB31-99AF044A3214}.Debug|x64.ActiveCfg = Debug|x64
		{FA59E27A-8D27-4092-BB31-99AF044A3214}.Debug|x64.Build.0 = Debug|x64
		{FA59E27A-8D27-4092-BB31-99AF044A3214}.Debug|x86.ActiveCfg = Debug|Win32
		{FA59E27A-8D27-4092-BB31-99AF044A3214}.Debug|x86.Build.0 = Debug|Win32
		{FA59E27A-8D27-4092-BB31-99AF044A3214}.Release|x64.ActiveCfg = Release|x64
		{FA59E27A-8D27-4092-BB31-99AF044A3214}.Release|x64.Build.0 = Release|x64
		{FA59E27A-8D27-4092-BB31-99AF044A3214}.Release|x86.ActiveCfg = Release|Win32
		{FA59E27A-8D27-4092-BB31-99AF044A3214}.Release|x86.Build.0 = Release|Win32
		{93D38A71-E2F9-4ADD-ACCD-62F290D3AF78}.Debug|x64.ActiveCfg = Debug|x64
		{93D38A71-E2F9-4ADD-ACCD-62F290D3AF78}.Debug|x64.Build.0 = Debug|x64
		{93D38A71-E2F9-4ADD-ACCD-62F290D3AF78}.Debug|x86.ActiveCfg = Debug|Win32
		{93D38A71-E2F9-4ADD-ACCD-62F290D3AF78}.Debug|x86.Build.0 = Debug|Win32
		{93D38A71-E2F9-4ADD-ACCD-62F290D3AF78}.Release|x64.ActiveCfg = Release|x64
		{93D38A71-E2F9-4ADD-ACCD-62F290D3AF78}.Release|x64.Build.0 = Release|x64
		{93D38A71-E2F9-4ADD-ACCD-62F290D3AF78}.Release|x86.ActiveCfg = Release|Win32
		{93D38A71-E2F9-4ADD-ACCD-62F290D3AF78}.Release|x86.Build.0 = Release|Win32
		{B4F90770-EBD3-4AF0-BF1E-84CA88EFED3A}.Debug|x64.ActiveCfg = Debug|x64
		{B4F90770-EBD3-4AF0-BF1E-84CA88EFED3A}.Debug|x64.Build.0 = Debug|x64
		{B4F90770-EBD3-4AF0-BF1E-84CA88EFED3A}.Debug|x86.ActiveCfg = Debug|Win32
		{B4F90770-EBD3-4AF0-BF1E-84CA88EFED3A}.Debug|x86.Build.0 = Debug|Win32
		{B4F90770-EBD3-4AF0-BF1E-84CA88EFED3A}.Release|x64.ActiveCfg = Release|x64
		{B4F90770-EBD3-4AF0-BF1E-84CA88EFED3A}.Release|x64.Build.0 = Release|x64
		{B4F90770-EBD3-4AF0-BF1E-84CA88EFED3A}.Release|x86.ActiveCfg = Release|Win32
		{B4F90770-EBD3-4AF0-BF1E-84CA88EFED3A}.Release|x86.Build.0 = Release|Win32
		{6146462E-8971-4F08-AC56-773B628CE3ED}.Debug|x64.ActiveCfg = Debug|x64
		{6146462E-8971-4F08-AC56-773B628CE3ED}.Debug|x64.Build.0 = Debug|x64
		{6146462E-8971-4F08-AC56-773B628CE3ED}.Debug|x86.ActiveCfg = Debug|Win32
		{6146462E-8971-4F08-AC56-773B628CE3ED}.Debug|x86.Build.0 = Debug|Win32
		{6146462E-8971-4F08-AC56-773B628CE3ED}.Release|x64.ActiveCfg = Release|x64
		{6146462E-8971-4F08-AC56-773B628CE3ED}.Release|x64.Build.0 = Release|x64
		{6146462E-8971-4F08-AC56-773B628CE3ED}.Release|x86.ActiveCfg = Release|Win32
		{6146462E-8971-4F08-AC56-773B628CE3ED}.Release|x86.Build.0 = Release|Win32
		{DF9CCF60-8668-4B5A-B75F-EFC6E29AB72B}.Debug|x64.ActiveCfg = Debug|x64
		{DF9CCF60-8668-4B5A-B75F-EFC6E29AB72B}.Debug|x64.Build.0 = Debug|x64
		{DF9CCF60-8668-4B5A-B75F-EFC6E29AB72B}.Debug|x86.ActiveCfg = Debug|Win32
		{DF9CCF60-8668-4B5A-B75F-EFC6E29AB72B}.Debug|x86.Build.0 = Debug|Win32
		{DF9CCF60-8668-4B5A-B75F-EFC6E29AB72B}.Release|x64.ActiveCfg = Release|x64
		{DF9CCF60-8668-4B5A-B75F-EFC6E29AB72B}.Release|x64.Build.0 = Release|x64
		{DF9CCF60-8668-4B5A-B75F-EFC6E29AB72B}.Release|x86.ActiveCfg = Release|Win32
		{DF9CCF60-8668-4B5A-B75F-EFC6E29AB72B}.Release|x86.Build.0 = Release|Win32
		{FB1222C2-A9B4-4CA3-802C-763F9A101192}.Debug|x64.ActiveCfg = Debug|x64
		{FB1222C2-A9B4-4CA3-802C-763F9A101192}.Debug|x64.Build.0 = Debug|x64
		{FB1222C2-A9B4-4CA3-802C-763F9A101192}.Debug|x86.ActiveCfg = Debug|Win32
		{FB1222C2-A9B4-4CA3-802C-763F9A101192}.Debug|x86.Build.0 = Debug|Win32
		{FB1222C2-A9B4-4CA3-802C-763F9A101192}.Release|x64.ActiveCfg = Release|x64
		{FB1222C2-A9B4-4CA3-802C-763F9A101192}.Release|x64.Build.0 = Release|x64
		{FB1222C2-A9B4-4CA3-802C-763F9A101192}.Release|x86.ActiveCfg = Release|Win32
		{FB1222C2-A9B4-4CA3-802C-763F9A101192}.Release|x86.Build.0 = Release|Win32
	EndGlobalSection
	GlobalSection(SolutionProperties) = preSolution
		HideSolutionNode = FALSE
	EndGlobalSection
	GlobalSection(ExtensibilityGlobals) = postSolution
		SolutionGuid = {CA1FBEE7-CDC5-4457-BBB1-3C2748510DAB}
	EndGlobalSection
EndGlobal
